
Microsoft Visual Studio Solution File, Format Version 12.00
# Visual Studio Version 17
VisualStudioVersion = 17.1.32210.238
MinimumVisualStudioVersion = 10.0.40219.1
Project("{FAE04EC0-301F-11D3-BF4B-00C04F79EFBC}") = "Getränk", "Getränk.csproj", "{68A199A1-0859-4B2F-BA23-D5648B44A43E}"
EndProject
Global
	GlobalSection(SolutionConfigurationPlatforms) = preSolution
		Debug|Any CPU = Debug|Any CPU
		Release|Any CPU = Release|Any CPU
	EndGlobalSection
	GlobalSection(ProjectConfigurationPlatforms) = postSolution
		{68A199A1-0859-4B2F-BA23-D5648B44A43E}.Debug|Any CPU.ActiveCfg = Debug|Any CPU
		{68A199A1-0859-4B2F-BA23-D5648B44A43E}.Debug|Any CPU.Build.0 = Debug|Any CPU
		{68A199A1-0859-4B2F-BA23-D5648B44A43E}.Release|Any CPU.ActiveCfg = Release|Any CPU
		{68A199A1-0859-4B2F-BA23-D5648B44A43E}.Release|Any CPU.Build.0 = Release|Any CPU
	EndGlobalSection
	GlobalSection(SolutionProperties) = preSolution
		HideSolutionNode = FALSE
	EndGlobalSection
	GlobalSection(ExtensibilityGlobals) = postSolution
		SolutionGuid = {3E1D63EA-9FB6-48E7-B1EA-A29B6EFBE8B1}
	EndGlobalSection
EndGlobal
